Microsoft Visual Studio Solution File, Format Version 12.00
# Visual Studio 2012
Project("{FAE04EC0-301F-11D3-BF4B-00C04F79EFBC}") = "Weave", "Weave.csproj", "{CFC99113-7D1C-48E2-ACA7-40DB01AB00A8}"
EndProject
Global
	GlobalSection(SolutionConfigurationPlatforms) = preSolution
	Debug|Any CPU = Debug|Any CPU
	ExportDebug|Any CPU = ExportDebug|Any CPU
	ExportRelease|Any CPU = ExportRelease|Any CPU
	EndGlobalSection
	GlobalSection(ProjectConfigurationPlatforms) = postSolution
		{CFC99113-7D1C-48E2-ACA7-40DB01AB00A8}.Debug|Any CPU.ActiveCfg = Debug|Any CPU
		{CFC99113-7D1C-48E2-ACA7-40DB01AB00A8}.Debug|Any CPU.Build.0 = Debug|Any CPU
		{CFC99113-7D1C-48E2-ACA7-40DB01AB00A8}.ExportDebug|Any CPU.ActiveCfg = ExportDebug|Any CPU
		{CFC99113-7D1C-48E2-ACA7-40DB01AB00A8}.ExportDebug|Any CPU.Build.0 = ExportDebug|Any CPU
		{CFC99113-7D1C-48E2-ACA7-40DB01AB00A8}.ExportRelease|Any CPU.ActiveCfg = ExportRelease|Any CPU
		{CFC99113-7D1C-48E2-ACA7-40DB01AB00A8}.ExportRelease|Any CPU.Build.0 = ExportRelease|Any CPU
	EndGlobalSection
EndGlobal
